
Microsoft Visual Studio Solution File, Format Version 12.00
# Visual Studio Version 17
VisualStudioVersion = 17.8.34525.116
MinimumVisualStudioVersion = 10.0.40219.1
Project("{FAE04EC0-301F-11D3-BF4B-00C04F79EFBC}") = "TODO", "TODO\TODO.csproj", "{3AD970F0-F876-4967-9647-F400C9882B54}"
EndProject
Global
	GlobalSection(SolutionConfigurationPlatforms) = preSolution
		Debug|Any CPU = Debug|Any CPU
		Release|Any CPU = Release|Any CPU
	EndGlobalSection
	GlobalSection(ProjectConfigurationPlatforms) = postSolution
		{3AD970F0-F876-4967-9647-F400C9882B54}.Debug|Any CPU.ActiveCfg = Debug|Any CPU
		{3AD970F0-F876-4967-9647-F400C9882B54}.Debug|Any CPU.Build.0 = Debug|Any CPU
		{3AD970F0-F876-4967-9647-F400C9882B54}.Release|Any CPU.ActiveCfg = Release|Any CPU
		{3AD970F0-F876-4967-9647-F400C9882B54}.Release|Any CPU.Build.0 = Release|Any CPU
	EndGlobalSection
	GlobalSection(SolutionProperties) = preSolution
		HideSolutionNode = FALSE
	EndGlobalSection
	GlobalSection(ExtensibilityGlobals) = postSolution
		SolutionGuid = {8A83E7AC-E144-4027-95BE-ACFB2019E03E}
	EndGlobalSection
EndGlobal
